
Microsoft Visual Studio Solution File, Format Version 12.00
# Visual Studio 15
VisualStudioVersion = 15.0.28307.489
MinimumVisualStudioVersion = 10.0.40219.1
Project("{FAE04EC0-301F-11D3-BF4B-00C04F79EFBC}") = "WeatherInformation", "WeatherInformation\WeatherInformation.csproj", "{C5190ED3-13A1-4730-AED6-590620A31FF2}"
EndProject
Project("{FAE04EC0-301F-11D3-BF4B-00C04F79EFBC}") = "WeatherInformation.Tests", "WeatherInformation.Tests\WeatherInformation.Tests.csproj", "{990A827F-B9E2-4BBA-9E70-F7D0B1AE0B8A}"
EndProject
Global
	GlobalSection(SolutionConfigurationPlatforms) = preSolution
		Debug|Any CPU = Debug|Any CPU
		Release|Any CPU = Release|Any CPU
	EndGlobalSection
	GlobalSection(ProjectConfigurationPlatforms) = postSolution
		{C5190ED3-13A1-4730-AED6-590620A31FF2}.Debug|Any CPU.ActiveCfg = Debug|Any CPU
		{C5190ED3-13A1-4730-AED6-590620A31FF2}.Debug|Any CPU.Build.0 = Debug|Any CPU
		{C5190ED3-13A1-4730-AED6-590620A31FF2}.Release|Any CPU.ActiveCfg = Release|Any CPU
		{C5190ED3-13A1-4730-AED6-590620A31FF2}.Release|Any CPU.Build.0 = Release|Any CPU
		{990A827F-B9E2-4BBA-9E70-F7D0B1AE0B8A}.Debug|Any CPU.ActiveCfg = Debug|Any CPU
		{990A827F-B9E2-4BBA-9E70-F7D0B1AE0B8A}.Debug|Any CPU.Build.0 = Debug|Any CPU
		{990A827F-B9E2-4BBA-9E70-F7D0B1AE0B8A}.Release|Any CPU.ActiveCfg = Release|Any CPU
		{990A827F-B9E2-4BBA-9E70-F7D0B1AE0B8A}.Release|Any CPU.Build.0 = Release|Any CPU
	EndGlobalSection
	GlobalSection(SolutionProperties) = preSolution
		HideSolutionNode = FALSE
	EndGlobalSection
	GlobalSection(ExtensibilityGlobals) = postSolution
		SolutionGuid = {8A7BFDBE-08B5-4ABE-A35B-4AFF4D7B25C6}
	EndGlobalSection
EndGlobal
